
Microsoft Visual Studio Solution File, Format Version 12.00
# Visual Studio Version 17
VisualStudioVersion = 17.3.32901.215
MinimumVisualStudioVersion = 10.0.40219.1
Project("{9A19103F-16F7-4668-BE54-9A1E7A4F7556}") = "Server", "SimpleTask\Server.csproj", "{428452DE-AFD3-4035-A94B-D5A784AE83AA}"
EndProject
Project("{9A19103F-16F7-4668-BE54-9A1E7A4F7556}") = "Client", "Client\Client.csproj", "{CE331C75-5501-4B39-B5E3-61972C427FCD}"
EndProject
Global
	GlobalSection(SolutionConfigurationPlatforms) = preSolution
		Debug|Any CPU = Debug|Any CPU
		Release|Any CPU = Release|Any CPU
	EndGlobalSection
	GlobalSection(ProjectConfigurationPlatforms) = postSolution
		{428452DE-AFD3-4035-A94B-D5A784AE83AA}.Debug|Any CPU.ActiveCfg = Debug|Any CPU
		{428452DE-AFD3-4035-A94B-D5A784AE83AA}.Debug|Any CPU.Build.0 = Debug|Any CPU
		{428452DE-AFD3-4035-A94B-D5A784AE83AA}.Release|Any CPU.ActiveCfg = Release|Any CPU
		{428452DE-AFD3-4035-A94B-D5A784AE83AA}.Release|Any CPU.Build.0 = Release|Any CPU
		{CE331C75-5501-4B39-B5E3-61972C427FCD}.Debug|Any CPU.ActiveCfg = Debug|Any CPU
		{CE331C75-5501-4B39-B5E3-61972C427FCD}.Debug|Any CPU.Build.0 = Debug|Any CPU
		{CE331C75-5501-4B39-B5E3-61972C427FCD}.Release|Any CPU.ActiveCfg = Release|Any CPU
		{CE331C75-5501-4B39-B5E3-61972C427FCD}.Release|Any CPU.Build.0 = Release|Any CPU
	EndGlobalSection
	GlobalSection(SolutionProperties) = preSolution
		HideSolutionNode = FALSE
	EndGlobalSection
	GlobalSection(ExtensibilityGlobals) = postSolution
		SolutionGuid = {929E7079-6E30-4C04-A34D-E5E7722BC61C}
	EndGlobalSection
EndGlobal
